// !$*UTF8*$!
{
	archiveVersion = 1;
	classes = {
	};
	objectVersion = 46;
	objects = {

/* Begin PBXBuildFile section */
		D105F6BF1AE85BF200960D19 /* SagradaFamilia.jpeg in Resources */ = {isa = PBXBuildFile; fileRef = D105F6BE1AE85BF200960D19 /* SagradaFamilia.jpeg */; };
		D11B8C311AE9BC3100F4C0DC /* AlbertEinsteinStamp.jpg in Resources */ = {isa = PBXBuildFile; fileRef = D11B8C301AE9BC3100F4C0DC /* AlbertEinsteinStamp.jpg */; };
		D1D368D81AE84B21009C1AFF /* AppDelegate.swift in Sources */ = {isa = PBXBuildFile; fileRef = D1D368D71AE84B21009C1AFF /* AppDelegate.swift */; };
		D1D368DA1AE84B21009C1AFF /* ViewController.swift in Sources */ = {isa = PBXBuildFile; fileRef = D1D368D91AE84B21009C1AFF /* ViewController.swift */; };
		D1D368DD1AE84B21009C1AFF /* Main.storyboard in Resources */ = {isa = PBXBuildFile; fileRef = D1D368DB1AE84B21009C1AFF /* Main.storyboard */; };
		D1D368DF1AE84B21009C1AFF /* Images.xcassets in Resources */ = {isa = PBXBuildFile; fileRef = D1D368DE1AE84B21009C1AFF /* Images.xcassets */; };
		D1D368E21AE84B21009C1AFF /* LaunchScreen.xib in Resources */ = {isa = PBXBuildFile; fileRef = D1D368E01AE84B21009C1AFF /* LaunchScreen.xib */; };
		D1D368EE1AE84B21009C1AFF /* PostcardTests.swift in Sources */ = {isa = PBXBuildFile; fileRef = D1D368ED1AE84B21009C1AFF /* PostcardTests.swift */; };
/* End PBXBuildFile section */

/* Begin PBXContainerItemProxy section */
		D1D368E81AE84B21009C1AFF /* PBXContainerItemProxy */ = {
			isa = PBXContainerItemProxy;
			containerPortal = D1D368CA1AE84B21009C1AFF /* Project object */;
			proxyType = 1;
			remoteGlobalIDString = D1D368D11AE84B21009C1AFF;
			remoteInfo = Postcard;
		};
/* End PBXContainerItemProxy section */

/* Begin PBXFileReference section */
		D105F6BE1AE85BF200960D19 /* SagradaFamilia.jpeg */ = {isa = PBXFileReference; lastKnownFileType = image.jpeg; path = SagradaFamilia.jpeg; sourceTree = "<group>"; };
		D11B8C301AE9BC3100F4C0DC /* AlbertEinsteinStamp.jpg */ = {isa = PBXFileReference; lastKnownFileType = image.jpeg; path = AlbertEinsteinStamp.jpg; sourceTree = "<group>"; };
		D1D368D21AE84B21009C1AFF /* Postcard.app */ = {isa = PBXFileReference; explicitFileType = wrapper.application; includeInIndex = 0; path = Postcard.app; sourceTree = BUILT_PRODUCTS_DIR; };
		D1D368D61AE84B21009C1AFF /* Info.plist */ = {isa = PBXFileReference; lastKnownFileType = text.plist.xml; path = Info.plist; sourceTree = "<group>"; };
		D1D368D71AE84B21009C1AFF /* AppDelegate.swift */ = {isa = PBXFileReference; lastKnownFileType = sourcecode.swift; path = AppDelegate.swift; sourceTree = "<group>"; };
		D1D368D91AE84B21009C1AFF /* ViewController.swift */ = {isa = PBXFileReference; lastKnownFileType = sourcecode.swift; path = ViewController.swift; sourceTree = "<group>"; };
		D1D368DC1AE84B21009C1AFF /* Base */ = {isa = PBXFileReference; lastKnownFileType = file.storyboard; name = Base; path = Base.lproj/Main.storyboard; sourceTree = "<group>"; };
		D1D368DE1AE84B21009C1AFF /* Images.xcassets */ = {isa = PBXFileReference; lastKnownFileType = folder.assetcatalog; path = Images.xcassets; sourceTree = "<group>"; };
		D1D368E11AE84B21009C1AFF /* Base */ = {isa = PBXFileReference; lastKnownFileType = file.xib; name = Base; path = Base.lproj/LaunchScreen.xib; sourceTree = "<group>"; };
		D1D368E71AE84B21009C1AFF /* PostcardTests.xctest */ = {isa = PBXFileReference; explicitFileType = wrapper.cfbundle; includeInIndex = 0; path = PostcardTests.xctest; sourceTree = BUILT_PRODUCTS_DIR; };
		D1D368EC1AE84B21009C1AFF /* Info.plist */ = {isa = PBXFileReference; lastKnownFileType = text.plist.xml; path = Info.plist; sourceTree = "<group>"; };
		D1D368ED1AE84B21009C1AFF /* PostcardTests.swift */ = {isa = PBXFileReference; lastKnownFileType = sourcecode.swift; path = PostcardTests.swift; sourceTree = "<group>"; };
/* End PBXFileReference section */

/* Begin PBXFrameworksBuildPhase section */
		D1D368CF1AE84B21009C1AFF /* Frameworks */ = {
			isa = PBXFrameworksBuildPhase;
			buildActionMask = 2147483647;
			files = (
			);
			runOnlyForDeploymentPostprocessing = 0;
		};
		D1D368E41AE84B21009C1AFF /* Frameworks */ = {
			isa = PBXFrameworksBuildPhase;
			buildActionMask = 2147483647;
			files = (
			);
			runOnlyForDeploymentPostprocessing = 0;
		};
/* End PBXFrameworksBuildPhase section */

/* Begin PBXGroup section */
		D1D368C91AE84B21009C1AFF = {
			isa = PBXGroup;
			children = (
				D1D368D41AE84B21009C1AFF /* Postcard */,
				D1D368EA1AE84B21009C1AFF /* PostcardTests */,
				D1D368D31AE84B21009C1AFF /* Products */,
			);
			sourceTree = "<group>";
		};
		D1D368D31AE84B21009C1AFF /* Products */ = {
			isa = PBXGroup;
			children = (
				D1D368D21AE84B21009C1AFF /* Postcard.app */,
				D1D368E71AE84B21009C1AFF /* PostcardTests.xctest */,
			);
			name = Products;
			sourceTree = "<group>";
		};
		D1D368D41AE84B21009C1AFF /* Postcard */ = {
			isa = PBXGroup;
			children = (
				D1D368D71AE84B21009C1AFF /* AppDelegate.swift */,
				D1D368D91AE84B21009C1AFF /* ViewController.swift */,
				D1D368DB1AE84B21009C1AFF /* Main.storyboard */,
				D1D368DE1AE84B21009C1AFF /* Images.xcassets */,
				D1D368E01AE84B21009C1AFF /* LaunchScreen.xib */,
				D1D368D51AE84B21009C1AFF /* Supporting Files */,
			);
			path = Postcard;
			sourceTree = "<group>";
		};
		D1D368D51AE84B21009C1AFF /* Supporting Files */ = {
			isa = PBXGroup;
			children = (
				D11B8C301AE9BC3100F4C0DC /* AlbertEinsteinStamp.jpg */,
				D105F6BE1AE85BF200960D19 /* SagradaFamilia.jpeg */,
				D1D368D61AE84B21009C1AFF /* Info.plist */,
			);
			name = "Supporting Files";
			sourceTree = "<group>";
		};
		D1D368EA1AE84B21009C1AFF /* PostcardTests */ = {
			isa = PBXGroup;
			children = (
				D1D368ED1AE84B21009C1AFF /* PostcardTests.swift */,
				D1D368EB1AE84B21009C1AFF /* Supporting Files */,
			);
			path = PostcardTests;
			sourceTree = "<group>";
		};
		D1D368EB1AE84B21009C1AFF /* Supporting Files */ = {
			isa = PBXGroup;
			children = (
				D1D368EC1AE84B21009C1AFF /* Info.plist */,
			);
			name = "Supporting Files";
			sourceTree = "<group>";
		};
/* End PBXGroup section */

/* Begin PBXNativeTarget section */
		D1D368D11AE84B21009C1AFF /* Postcard */ = {
			isa = PBXNativeTarget;
			buildConfigurationList = D1D368F11AE84B21009C1AFF /* Build configuration list for PBXNativeTarget "Postcard" */;
			buildPhases = (
				D1D368CE1AE84B21009C1AFF /* Sources */,
				D1D368CF1AE84B21009C1AFF /* Frameworks */,
				D1D368D01AE84B21009C1AFF /* Resources */,
			);
			buildRules = (
			);
			dependencies = (
			);
			name = Postcard;
			productName = Postcard;
			productReference = D1D368D21AE84B21009C1AFF /* Postcard.app */;
			productType = "com.apple.product-type.application";
		};
		D1D368E61AE84B21009C1AFF /* PostcardTests */ = {
			isa = PBXNativeTarget;
			buildConfigurationList = D1D368F41AE84B21009C1AFF /* Build configuration list for PBXNativeTarget "PostcardTests" */;
			buildPhases = (
				D1D368E31AE84B21009C1AFF /* Sources */,
				D1D368E41AE84B21009C1AFF /* Frameworks */,
				D1D368E51AE84B21009C1AFF /* Resources */,
			);
			buildRules = (
			);
			dependencies = (
				D1D368E91AE84B21009C1AFF /* PBXTargetDependency */,
			);
			name = PostcardTests;
			productName = PostcardTests;
			productReference = D1D368E71AE84B21009C1AFF /* PostcardTests.xctest */;
			productType = "com.apple.product-type.bundle.unit-test";
		};
/* End PBXNativeTarget section */

/* Begin PBXProject section */
		D1D368CA1AE84B21009C1AFF /* Project object */ = {
			isa = PBXProject;
			attributes = {
				LastUpgradeCheck = 0630;
				ORGANIZATIONNAME = "David Resnick";
				TargetAttributes = {
					D1D368D11AE84B21009C1AFF = {
						CreatedOnToolsVersion = 6.3;
					};
					D1D368E61AE84B21009C1AFF = {
						CreatedOnToolsVersion = 6.3;
						TestTargetID = D1D368D11AE84B21009C1AFF;
					};
				};
			};
			buildConfigurationList = D1D368CD1AE84B21009C1AFF /* Build configuration list for PBXProject "Postcard" */;
			compatibilityVersion = "Xcode 3.2";
			developmentRegion = English;
			hasScannedForEncodings = 0;
			knownRegions = (
				en,
				Base,
			);
			mainGroup = D1D368C91AE84B21009C1AFF;
			productRefGroup = D1D368D31AE84B21009C1AFF /* Products */;
			projectDirPath = "";
			projectRoot = "";
			targets = (
				D1D368D11AE84B21009C1AFF /* Postcard */,
				D1D368E61AE84B21009C1AFF /* PostcardTests */,
			);
		};
/* End PBXProject section */

/* Begin PBXResourcesBuildPhase section */
		D1D368D01AE84B21009C1AFF /* Resources */ = {
			isa = PBXResourcesBuildPhase;
			buildActionMask = 2147483647;
			files = (
				D1D368DD1AE84B21009C1AFF /* Main.storyboard in Resources */,
				D105F6BF1AE85BF200960D19 /* SagradaFamilia.jpeg in Resources */,
				D11B8C311AE9BC3100F4C0DC /* AlbertEinsteinStamp.jpg in Resources */,
				D1D368E21AE84B21009C1AFF /* LaunchScreen.xib in Resources */,
				D1D368DF1AE84B21009C1AFF /* Images.xcassets in Resources */,
			);
			runOnlyForDeploymentPostprocessing = 0;
		};
		D1D368E51AE84B21009C1AFF /* Resources */ = {
			isa = PBXResourcesBuildPhase;
			buildActionMask = 2147483647;
			files = (
			);
			runOnlyForDeploymentPostprocessing = 0;
		};
/* End PBXResourcesBuildPhase section */

/* Begin PBXSourcesBuildPhase section */
		D1D368CE1AE84B21009C1AFF /* Sources */ = {
			isa = PBXSourcesBuildPhase;
			buildActionMask = 2147483647;
			files = (
				D1D368DA1AE84B21009C1AFF /* ViewController.swift in Sources */,
				D1D368D81AE84B21009C1AFF /* AppDelegate.swift in Sources */,
			);
			runOnlyForDeploymentPostprocessing = 0;
		};
		D1D368E31AE84B21009C1AFF /* Sources */ = {
			isa = PBXSourcesBuildPhase;
			buildActionMask = 2147483647;
			files = (
				D1D368EE1AE84B21009C1AFF /* PostcardTests.swift in Sources */,
			);
			runOnlyForDeploymentPostprocessing = 0;
		};
/* End PBXSourcesBuildPhase section */

/* Begin PBXTargetDependency section */
		D1D368E91AE84B21009C1AFF /* PBXTargetDependency */ = {
			isa = PBXTargetDependency;
			target = D1D368D11AE84B21009C1AFF /* Postcard */;
			targetProxy = D1D368E81AE84B21009C1AFF /* PBXContainerItemProxy */;
		};
/* End PBXTargetDependency section */

/* Begin PBXVariantGroup section */
		D1D368DB1AE84B21009C1AFF /* Main.storyboard */ = {
			isa = PBXVariantGroup;
			children = (
				D1D368DC1AE84B21009C1AFF /* Base */,
			);
			name = Main.storyboard;
			sourceTree = "<group>";
		};
		D1D368E01AE84B21009C1AFF /* LaunchScreen.xib */ = {
			isa = PBXVariantGroup;
			children = (
				D1D368E11AE84B21009C1AFF /* Base */,
			);
			name = LaunchScreen.xib;
			sourceTree = "<group>";
		};
/* End PBXVariantGroup section */

/* Begin XCBuildConfiguration section */
		D1D368EF1AE84B21009C1AFF /* Debug */ = {
			isa = XCBuildConfiguration;
			buildSettings = {
				ALWAYS_SEARCH_USER_PATHS = NO;
				CLANG_CXX_LANGUAGE_STANDARD = "gnu++0x";
				CLANG_CXX_LIBRARY = "libc++";
				CLANG_ENABLE_MODULES = YES;
				CLANG_ENABLE_OBJC_ARC = YES;
				CLANG_WARN_BOOL_CONVERSION = YES;
				CLANG_WARN_CONSTANT_CONVERSION = YES;
				CLANG_WARN_DIRECT_OBJC_ISA_USAGE = YES_ERROR;
				CLANG_WARN_EMPTY_BODY = YES;
				CLANG_WARN_ENUM_CONVERSION = YES;
				CLANG_WARN_INT_CONVERSION = YES;
				CLANG_WARN_OBJC_ROOT_CLASS = YES_ERROR;
				CLANG_WARN_UNREACHABLE_CODE = YES;
				CLANG_WARN__DUPLICATE_METHOD_MATCH = YES;
				"CODE_SIGN_IDENTITY[sdk=iphoneos*]" = "iPhone Developer";
				COPY_PHASE_STRIP = NO;
				DEBUG_INFORMATION_FORMAT = "dwarf-with-dsym";
				ENABLE_STRICT_OBJC_MSGSEND = YES;
				GCC_C_LANGUAGE_STANDARD = gnu99;
				GCC_DYNAMIC_NO_PIC = NO;
				GCC_NO_COMMON_BLOCKS = YES;
				GCC_OPTIMIZATION_LEVEL = 0;
				GCC_PREPROCESSOR_DEFINITIONS = (
					"DEBUG=1",
					"$(inherited)",
				);
				GCC_SYMBOLS_PRIVATE_EXTERN = NO;
				GCC_WARN_64_TO_32_BIT_CONVERSION = YES;
				GCC_WARN_ABOUT_RETURN_TYPE = YES_ERROR;
				GCC_WARN_UNDECLARED_SELECTOR = YES;
				GCC_WARN_UNINITIALIZED_AUTOS = YES_AGGRESSIVE;
				GCC_WARN_UNUSED_FUNCTION = YES;
				GCC_WARN_UNUSED_VARIABLE = YES;
				IPHONEOS_DEPLOYMENT_TARGET = 8.3;
				MTL_ENABLE_DEBUG_INFO = YES;
				ONLY_ACTIVE_ARCH = YES;
				SDKROOT = iphoneos;
				SWIFT_OPTIMIZATION_LEVEL = "-Onone";
				TARGETED_DEVICE_FAMILY = "1,2";
			};
			name = Debug;
		};
		D1D368F01AE84B21009C1AFF /* Release */ = {
			isa = XCBuildConfiguration;
			buildSettings = {
				ALWAYS_SEARCH_USER_PATHS = NO;
				CLANG_CXX_LANGUAGE_STANDARD = "gnu++0x";
				CLANG_CXX_LIBRARY = "libc++";
				CLANG_ENABLE_MODULES = YES;
				CLANG_ENABLE_OBJC_ARC = YES;
				CLANG_WARN_BOOL_CONVERSION = YES;
				CLANG_WARN_CONSTANT_CONVERSION = YES;
				CLANG_WARN_DIRECT_OBJC_ISA_USAGE = YES_ERROR;
				CLANG_WARN_EMPTY_BODY = YES;
				CLANG_WARN_ENUM_CONVERSION = YES;
				CLANG_WARN_INT_CONVERSION = YES;
				CLANG_WARN_OBJC_ROOT_CLASS = YES_ERROR;
				CLANG_WARN_UNREACHABLE_CODE = YES;
				CLANG_WARN__DUPLICATE_METHOD_MATCH = YES;
				"CODE_SIGN_IDENTITY[sdk=iphoneos*]" = "iPhone Developer";
				COPY_PHASE_STRIP = NO;
				DEBUG_INFORMATION_FORMAT = "dwarf-with-dsym";
				ENABLE_NS_ASSERTIONS = NO;
				ENABLE_STRICT_OBJC_MSGSEND = YES;
				GCC_C_LANGUAGE_STANDARD = gnu99;
				GCC_NO_COMMON_BLOCKS = YES;
				GCC_WARN_64_TO_32_BIT_CONVERSION = YES;
				GCC_WARN_ABOUT_RETURN_TYPE = YES_ERROR;
				GCC_WARN_UNDECLARED_SELECTOR = YES;
				GCC_WARN_UNINITIALIZED_AUTOS = YES_AGGRESSIVE;
				GCC_WARN_UNUSED_FUNCTION = YES;
				GCC_WARN_UNUSED_VARIABLE = YES;
				IPHONEOS_DEPLOYMENT_TARGET = 8.3;
				MTL_ENABLE_DEBUG_INFO = NO;
				SDKROOT = iphoneos;
				TARGETED_DEVICE_FAMILY = "1,2";
				VALIDATE_PRODUCT = YES;
			};
			name = Release;
		};
		D1D368F21AE84B21009C1AFF /* Debug */ = {
			isa = XCBuildConfiguration;
			buildSettings = {
				ASSETCATALOG_COMPILER_APPICON_NAME = AppIcon;
				INFOPLIST_FILE = Postcard/Info.plist;
				LD_RUNPATH_SEARCH_PATHS = "$(inherited) @executable_path/Frameworks";
				PRODUCT_NAME = "$(TARGET_NAME)";
			};
			name = Debug;
		};
		D1D368F31AE84B21009C1AFF /* Release */ = {
			isa = XCBuildConfiguration;
			buildSettings = {
				ASSETCATALOG_COMPILER_APPICON_NAME = AppIcon;
				INFOPLIST_FILE = Postcard/Info.plist;
				LD_RUNPATH_SEARCH_PATHS = "$(inherited) @executable_path/Frameworks";
				PRODUCT_NAME = "$(TARGET_NAME)";
			};
			name = Release;
		};
		D1D368F51AE84B21009C1AFF /* Debug */ = {
			isa = XCBuildConfiguration;
			buildSettings = {
				BUNDLE_LOADER = "$(TEST_HOST)";
				FRAMEWORK_SEARCH_PATHS = (
					"$(SDKROOT)/Developer/Library/Frameworks",
					"$(inherited)",
				);
				GCC_PREPROCESSOR_DEFINITIONS = (
					"DEBUG=1",
					"$(inherited)",
				);
				INFOPLIST_FILE = PostcardTests/Info.plist;
				LD_RUNPATH_SEARCH_PATHS = "$(inherited) @executable_path/Frameworks @loader_path/Frameworks";
				PRODUCT_NAME = "$(TARGET_NAME)";
				TEST_HOST = "$(BUILT_PRODUCTS_DIR)/Postcard.app/Postcard";
			};
			name = Debug;
		};
		D1D368F61AE84B21009C1AFF /* Release */ = {
			isa = XCBuildConfiguration;
			buildSettings = {
				BUNDLE_LOADER = "$(TEST_HOST)";
				FRAMEWORK_SEARCH_PATHS = (
					"$(SDKROOT)/Developer/Library/Frameworks",
					"$(inherited)",
				);
				INFOPLIST_FILE = PostcardTests/Info.plist;
				LD_RUNPATH_SEARCH_PATHS = "$(inherited) @executable_path/Frameworks @loader_path/Frameworks";
				PRODUCT_NAME = "$(TARGET_NAME)";
				TEST_HOST = "$(BUILT_PRODUCTS_DIR)/Postcard.app/Postcard";
			};
			name = Release;
		};
/* End XCBuildConfiguration section */

/* Begin XCConfigurationList section */
		D1D368CD1AE84B21009C1AFF /* Build configuration list for PBXProject "Postcard" */ = {
			isa = XCConfigurationList;
			buildConfigurations = (
				D1D368EF1AE84B21009C1AFF /* Debug */,
				D1D368F01AE84B21009C1AFF /* Release */,
			);
			defaultConfigurationIsVisible = 0;
			defaultConfigurationName = Release;
		};
		D1D368F11AE84B21009C1AFF /* Build configuration list for PBXNativeTarget "Postcard" */ = {
			isa = XCConfigurationList;
			buildConfigurations = (
				D1D368F21AE84B21009C1AFF /* Debug */,
				D1D368F31AE84B21009C1AFF /* Release */,
			);
			defaultConfigurationIsVisible = 0;
			defaultConfigurationName = Release;
		};
		D1D368F41AE84B21009C1AFF /* Build configuration list for PBXNativeTarget "PostcardTests" */ = {
			isa = XCConfigurationList;
			buildConfigurations = (
				D1D368F51AE84B21009C1AFF /* Debug */,
				D1D368F61AE84B21009C1AFF /* Release */,
			);
			defaultConfigurationIsVisible = 0;
			defaultConfigurationName = Release;
		};
/* End XCConfigurationList section */
	};
	rootObject = D1D368CA1AE84B21009C1AFF /* Project object */;
}
